{
  "name": "acebook",
  "requires": true,
  "lockfileVersion": 1,
  "dependencies": {
    "bootstrap": {
      "version": "4.0.0",
      "resolved": "https://registry.npmjs.org/bootstrap/-/bootstrap-4.0.0.tgz",
      "integrity": "sha512-gulJE5dGFo6Q61V/whS6VM4WIyrlydXfCgkE+Gxe5hjrJ8rXLLZlALq7zq2RPhOc45PSwQpJkrTnc2KgD6cvmA=="
    },
    "font-awesome": {
      "version": "4.7.0",
      "resolved": "https://registry.npmjs.org/font-awesome/-/font-awesome-4.7.0.tgz",
      "integrity": "sha1-j6jPBBGhoxr9B7BtKQK7n8gVoTM="
    },
    "jquery": {
      "version": "3.3.1",
      "resolved": "https://registry.npmjs.org/jquery/-/jquery-3.3.1.tgz",
      "integrity": "sha512-Ubldcmxp5np52/ENotGxlLe6aGMvmF4R8S6tZjsP6Knsaxd/xp3Zrh50cG93lR6nPXyUFwzN3ZSOQI0wRJNdGg=="
    },
    "simple-line-icons": {
      "version": "2.4.1",
      "resolved": "https://registry.npmjs.org/simple-line-icons/-/simple-line-icons-2.4.1.tgz",
      "integrity": "sha1-t1vFoNh+UwkowszaVzUnS7JW8jQ="
    },
    "startbootstrap-landing-page": {
      "version": "4.0.0",
      "resolved": "https://registry.npmjs.org/startbootstrap-landing-page/-/startbootstrap-landing-page-4.0.0.tgz",
      "integrity": "sha512-nLl0YN4CvPUdwr16GllfHVD1bRjnfwaTrl1BCw6xnUoQqBRGsZtBQageQdTj1Jpy2KbtlzmMcz9NL4ijEMq8Bg==",
      "requires": {
        "bootstrap": "4.0.0",
        "font-awesome": "4.7.0",
        "jquery": "3.3.1",
        "simple-line-icons": "2.4.1"
      }
    }
  }
}
