# THIS IS AN AUTOGENERATED FILE. DO NOT EDIT THIS FILE DIRECTLY.
# yarn lockfile v1


"bootstrap@^5.1.0", "bootstrap@5.1.0":
  "integrity" "sha512-bs74WNI9BgBo3cEovmdMHikSKoXnDgA6VQjJ7TyTotU6L7d41ZyCEEelPwkYEzsG/Zjv3ie9IE3EMAje0W9Xew=="
  "resolved" "https://registry.npmjs.org/bootstrap/-/bootstrap-5.1.0.tgz"
  "version" "5.1.0"

"jquery@^3.6.0":
  "integrity" "sha512-JVzAR/AjBvVt2BmYhxRCSYysDsPcssdmTFnzyLEts9qNwmjmu4JTAMYubEfwVOSwpQ1I1sKKFcxhZCI2buerfw=="
  "resolved" "https://registry.npmjs.org/jquery/-/jquery-3.6.0.tgz"
  "version" "3.6.0"

"popper.js@^1.16.1":
  "integrity" "sha512-Wb4p1J4zyFTbM+u6WuO4XstYx4Ky9Cewe4DWrel7B0w6VVICvPwdOpotjzcf6eD8TsckVnIMNONQyPIUFOUbCQ=="
  "resolved" "https://registry.npmjs.org/popper.js/-/popper.js-1.16.1.tgz"
  "version" "1.16.1"

"startbootstrap-bare@^5.0.3":
  "integrity" "sha512-P7hQoz5dT3+AUMFhfuRHOrtkRz3ODWBJQifmnVmkqBvc81VCw4SCAgZ0ZQMxQQf6T5M4UIpqFhQ0VyB8vYtefA=="
  "resolved" "https://registry.npmjs.org/startbootstrap-bare/-/startbootstrap-bare-5.0.3.tgz"
  "version" "5.0.3"
  dependencies:
    "bootstrap" "5.1.0"

"yarn@^1.22.11":
  "integrity" "sha512-AWje4bzqO9RUn3sdnM5N8n4ZJ0BqCc/kqFJvpOI5/EVkINXui0yuvU7NDCEF//+WaxHuNay2uOHxA4+tq1P3cg=="
  "resolved" "https://registry.npmjs.org/yarn/-/yarn-1.22.11.tgz"
  "version" "1.22.11"
