# THIS IS AN AUTOGENERATED FILE. DO NOT EDIT THIS FILE DIRECTLY.
# yarn lockfile v1


bootstrap@^4.5.1:
  version "4.5.1"
  resolved "https://registry.yarnpkg.com/bootstrap/-/bootstrap-4.5.1.tgz#f7322c7dd3e6376d430efc0c3f57e4d8005eb5b2"
  integrity sha512-bxUooHBSbvefnIZfjD0LE8nfdPKrtiFy2sgrxQwUZ0UpFzpjVbVMUxaGIoo9XWT4B2LG1HX6UQg0UMOakT0prQ==
